<?xml version="1.0" encoding="utf-8"?>
<Project ToolsVersion="4.0" xmlns="http://schemas.microsoft.com/developer/msbuild/2003">
  <ItemGroup>
    <Filter Include="Resource Files">
      <UniqueIdentifier>{67DA6AB6-F800-4c08-8B7A-83BB121AAD01}</UniqueIdentifier>
      <Extensions>rc;ico;cur;bmp;dlg;rc2;rct;bin;rgs;gif;jpg;jpeg;jpe;resx;tiff;tif;png;wav;mfcribbon-ms</Extensions>
    </Filter>
    <Filter Include="Headers">
      <UniqueIdentifier>{93995380-89BD-4b04-88EB-625FBE52EBFB}</UniqueIdentifier>
      <Extensions>h;hh;hpp;hxx;hm;inl;inc;xsd</Extensions>
    </Filter>
    <Filter Include="Sources">
      <UniqueIdentifier>{4FC737F1-C7A5-4376-A066-2A32D752A2FF}</UniqueIdentifier>
      <Extensions>cpp;c;cc;cxx;def;odl;idl;hpj;bat;asm;asmx</Extensions>
    </Filter>
    <Filter Include="Sources\GLAD">
      <UniqueIdentifier>{c8f4f524-1b17-4e66-8a01-760a637d913e}</UniqueIdentifier>
    </Filter>
    <Filter Include="Headers\Lights">
      <UniqueIdentifier>{da615ca9-4779-4113-9fb2-af1b705d63d6}</UniqueIdentifier>
    </Filter>
    <Filter Include="Sources\Lights">
      <UniqueIdentifier>{84ed24bc-1def-4478-a0ab-249965d2d192}</UniqueIdentifier>
    </Filter>
  </ItemGroup>
  <ItemGroup>
    <ClCompile Include="GLAD\src\glad.c">
      <Filter>Sources\GLAD</Filter>
    </ClCompile>
    <ClCompile Include="Sources\Camera.cpp">
      <Filter>Sources</Filter>
    </ClCompile>
    <ClCompile Include="Sources\GlobalInstance.cpp">
      <Filter>Sources</Filter>
    </ClCompile>
    <ClCompile Include="Sources\Material.cpp">
      <Filter>Sources</Filter>
    </ClCompile>
    <ClCompile Include="Sources\Shader.cpp">
      <Filter>Sources</Filter>
    </ClCompile>
    <ClCompile Include="Sources\Source.cpp">
      <Filter>Sources</Filter>
    </ClCompile>
    <ClCompile Include="Sources\Texture.cpp">
      <Filter>Sources</Filter>
    </ClCompile>
    <ClCompile Include="Sources\World.cpp">
      <Filter>Sources</Filter>
    </ClCompile>
    <ClCompile Include="Sources\WorldObject.cpp">
      <Filter>Sources</Filter>
    </ClCompile>
    <ClCompile Include="Sources\Mesh.cpp">
      <Filter>Sources</Filter>
    </ClCompile>
    <ClCompile Include="Sources\Model.cpp">
      <Filter>Sources</Filter>
    </ClCompile>
    <ClCompile Include="Sources\Cubemap.cpp">
      <Filter>Sources</Filter>
    </ClCompile>
    <ClCompile Include="Sources\PrimitiveManager.cpp">
      <Filter>Sources</Filter>
    </ClCompile>
    <ClCompile Include="Sources\Settings.cpp">
      <Filter>Sources</Filter>
    </ClCompile>
    <ClCompile Include="Sources\Renderer.cpp">
      <Filter>Sources</Filter>
    </ClCompile>
    <ClCompile Include="Sources\Lights\Light.cpp">
      <Filter>Sources\Lights</Filter>
    </ClCompile>
    <ClCompile Include="Sources\Lights\PointLight.cpp">
      <Filter>Sources\Lights</Filter>
    </ClCompile>
    <ClCompile Include="Sources\Lights\DirectionalLight.cpp">
      <Filter>Sources\Lights</Filter>
    </ClCompile>
  </ItemGroup>
  <ItemGroup>
    <ClInclude Include="Headers\Camera.h">
      <Filter>Headers</Filter>
    </ClInclude>
    <ClInclude Include="Headers\GlobalInstance.h">
      <Filter>Headers</Filter>
    </ClInclude>
    <ClInclude Include="Headers\Material.h">
      <Filter>Headers</Filter>
    </ClInclude>
    <ClInclude Include="Headers\Shader.h">
      <Filter>Headers</Filter>
    </ClInclude>
    <ClInclude Include="Headers\stb_image.h">
      <Filter>Headers</Filter>
    </ClInclude>
    <ClInclude Include="Headers\Texture.h">
      <Filter>Headers</Filter>
    </ClInclude>
    <ClInclude Include="Headers\World.h">
      <Filter>Headers</Filter>
    </ClInclude>
    <ClInclude Include="Headers\WorldObject.h">
      <Filter>Headers</Filter>
    </ClInclude>
    <ClInclude Include="Headers\Mesh.h">
      <Filter>Headers</Filter>
    </ClInclude>
    <ClInclude Include="Headers\Model.h">
      <Filter>Headers</Filter>
    </ClInclude>
    <ClInclude Include="Headers\Cubemap.h">
      <Filter>Headers</Filter>
    </ClInclude>
    <ClInclude Include="Headers\PrimitiveManager.h">
      <Filter>Headers</Filter>
    </ClInclude>
    <ClInclude Include="Headers\Settings.h">
      <Filter>Headers</Filter>
    </ClInclude>
    <ClInclude Include="Headers\Renderer.h">
      <Filter>Headers</Filter>
    </ClInclude>
    <ClInclude Include="Headers\Lights\Light.h">
      <Filter>Headers\Lights</Filter>
    </ClInclude>
    <ClInclude Include="Headers\Lights\PointLight.h">
      <Filter>Headers\Lights</Filter>
    </ClInclude>
    <ClInclude Include="Headers\Lights\DirectionalLight.h">
      <Filter>Headers\Lights</Filter>
    </ClInclude>
  </ItemGroup>
</Project>